
Microsoft Visual Studio Solution File, Format Version 12.00
# Visual Studio Version 16
VisualStudioVersion = 16.0.30804.86
MinimumVisualStudioVersion = 10.0.40219.1
Project("{FAE04EC0-301F-11D3-BF4B-00C04F79EFBC}") = "KattHem", "KattHem.csproj", "{60177225-D114-4178-B929-38275107BB47}"
EndProject
Global
	GlobalSection(SolutionConfigurationPlatforms) = preSolution
		Debug|Any CPU = Debug|Any CPU
		Release|Any CPU = Release|Any CPU
	EndGlobalSection
	GlobalSection(ProjectConfigurationPlatforms) = postSolution
		{60177225-D114-4178-B929-38275107BB47}.Debug|Any CPU.ActiveCfg = Debug|Any CPU
		{60177225-D114-4178-B929-38275107BB47}.Debug|Any CPU.Build.0 = Debug|Any CPU
		{60177225-D114-4178-B929-38275107BB47}.Release|Any CPU.ActiveCfg = Release|Any CPU
		{60177225-D114-4178-B929-38275107BB47}.Release|Any CPU.Build.0 = Release|Any CPU
	EndGlobalSection
	GlobalSection(SolutionProperties) = preSolution
		HideSolutionNode = FALSE
	EndGlobalSection
	GlobalSection(ExtensibilityGlobals) = postSolution
		SolutionGuid = {756F668A-87F5-4814-AEE7-0A1246DB1AAA}
	EndGlobalSection
EndGlobal
